// !$*UTF8*$!
{
	archiveVersion = 1;
	classes = {
	};
	objectVersion = 56;
	objects = {

/* Begin PBXBuildFile section */
		3A7902382B80978B00BF135E /* AppetizersApp.swift in Sources */ = {isa = PBXBuildFile; fileRef = 3A7902372B80978B00BF135E /* AppetizersApp.swift */; };
		3A79023A2B80978B00BF135E /* AppetizerTabView.swift in Sources */ = {isa = PBXBuildFile; fileRef = 3A7902392B80978B00BF135E /* AppetizerTabView.swift */; };
		3A79023C2B80978C00BF135E /* Assets.xcassets in Resources */ = {isa = PBXBuildFile; fileRef = 3A79023B2B80978C00BF135E /* Assets.xcassets */; };
		3A7902402B80978C00BF135E /* Preview Assets.xcassets in Resources */ = {isa = PBXBuildFile; fileRef = 3A79023F2B80978C00BF135E /* Preview Assets.xcassets */; };
		3A7902472B8097C000BF135E /* AppetizerListView.swift in Sources */ = {isa = PBXBuildFile; fileRef = 3A7902462B8097C000BF135E /* AppetizerListView.swift */; };
		3A7902492B8097D200BF135E /* AccountView.swift in Sources */ = {isa = PBXBuildFile; fileRef = 3A7902482B8097D200BF135E /* AccountView.swift */; };
		3A79024B2B8097DE00BF135E /* OrderView.swift in Sources */ = {isa = PBXBuildFile; fileRef = 3A79024A2B8097DE00BF135E /* OrderView.swift */; };
		3A79024D2B809DC800BF135E /* Appetizer.swift in Sources */ = {isa = PBXBuildFile; fileRef = 3A79024C2B809DC800BF135E /* Appetizer.swift */; };
		3A79024F2B80A2A400BF135E /* AppetizerListCell.swift in Sources */ = {isa = PBXBuildFile; fileRef = 3A79024E2B80A2A400BF135E /* AppetizerListCell.swift */; };
		3A7902512B80A36F00BF135E /* NetworkManager.swift in Sources */ = {isa = PBXBuildFile; fileRef = 3A7902502B80A36F00BF135E /* NetworkManager.swift */; };
		3A7902532B80A45100BF135E /* APError.swift in Sources */ = {isa = PBXBuildFile; fileRef = 3A7902522B80A45100BF135E /* APError.swift */; };
		3A7902552B80AA0E00BF135E /* AppetizerListViewModel.swift in Sources */ = {isa = PBXBuildFile; fileRef = 3A7902542B80AA0E00BF135E /* AppetizerListViewModel.swift */; };
		3A7902572B80AB3100BF135E /* Alert.swift in Sources */ = {isa = PBXBuildFile; fileRef = 3A7902562B80AB3100BF135E /* Alert.swift */; };
		3A7902592B80AF1200BF135E /* LoadingView.swift in Sources */ = {isa = PBXBuildFile; fileRef = 3A7902582B80AF1200BF135E /* LoadingView.swift */; };
		3A79025D2B80BA6D00BF135E /* RemoteImage.swift in Sources */ = {isa = PBXBuildFile; fileRef = 3A79025C2B80BA6D00BF135E /* RemoteImage.swift */; };
		3A79026C2B80BF7200BF135E /* AppetizerDetailView.swift in Sources */ = {isa = PBXBuildFile; fileRef = 3A79026B2B80BF7200BF135E /* AppetizerDetailView.swift */; };
		3A79026F2B80C70A00BF135E /* APButton.swift in Sources */ = {isa = PBXBuildFile; fileRef = 3A79026E2B80C70A00BF135E /* APButton.swift */; };
		3A7902712B80C7A400BF135E /* XDismissButton.swift in Sources */ = {isa = PBXBuildFile; fileRef = 3A7902702B80C7A400BF135E /* XDismissButton.swift */; };
		3A7902732B80D29100BF135E /* AccountViewModel.swift in Sources */ = {isa = PBXBuildFile; fileRef = 3A7902722B80D29100BF135E /* AccountViewModel.swift */; };
		3A7902752B80D3E900BF135E /* String+Ext.swift in Sources */ = {isa = PBXBuildFile; fileRef = 3A7902742B80D3E900BF135E /* String+Ext.swift */; };
		3A7902772B80D7A200BF135E /* User.swift in Sources */ = {isa = PBXBuildFile; fileRef = 3A7902762B80D7A200BF135E /* User.swift */; };
		3A79027A2B80E07800BF135E /* EmptyState.swift in Sources */ = {isa = PBXBuildFile; fileRef = 3A7902792B80E07800BF135E /* EmptyState.swift */; };
		3A79027C2B80E32000BF135E /* Order.swift in Sources */ = {isa = PBXBuildFile; fileRef = 3A79027B2B80E32000BF135E /* Order.swift */; };
		3A79027E2B80F05E00BF135E /* CustomModifiers.swift in Sources */ = {isa = PBXBuildFile; fileRef = 3A79027D2B80F05E00BF135E /* CustomModifiers.swift */; };
		3A7902822B82F01700BF135E /* Date+Ext.swift in Sources */ = {isa = PBXBuildFile; fileRef = 3A7902812B82F01700BF135E /* Date+Ext.swift */; };
/* End PBXBuildFile section */

/* Begin PBXFileReference section */
		3A7902342B80978B00BF135E /* Appetizers.app */ = {isa = PBXFileReference; explicitFileType = wrapper.application; includeInIndex = 0; path = Appetizers.app; sourceTree = BUILT_PRODUCTS_DIR; };
		3A7902372B80978B00BF135E /* AppetizersApp.swift */ = {isa = PBXFileReference; lastKnownFileType = sourcecode.swift; path = AppetizersApp.swift; sourceTree = "<group>"; };
		3A7902392B80978B00BF135E /* AppetizerTabView.swift */ = {isa = PBXFileReference; lastKnownFileType = sourcecode.swift; path = AppetizerTabView.swift; sourceTree = "<group>"; };
		3A79023B2B80978C00BF135E /* Assets.xcassets */ = {isa = PBXFileReference; lastKnownFileType = folder.assetcatalog; path = Assets.xcassets; sourceTree = "<group>"; };
		3A79023D2B80978C00BF135E /* Appetizers.entitlements */ = {isa = PBXFileReference; lastKnownFileType = text.plist.entitlements; path = Appetizers.entitlements; sourceTree = "<group>"; };
		3A79023F2B80978C00BF135E /* Preview Assets.xcassets */ = {isa = PBXFileReference; lastKnownFileType = folder.assetcatalog; path = "Preview Assets.xcassets"; sourceTree = "<group>"; };
		3A7902462B8097C000BF135E /* AppetizerListView.swift */ = {isa = PBXFileReference; lastKnownFileType = sourcecode.swift; path = AppetizerListView.swift; sourceTree = "<group>"; };
		3A7902482B8097D200BF135E /* AccountView.swift */ = {isa = PBXFileReference; lastKnownFileType = sourcecode.swift; path = AccountView.swift; sourceTree = "<group>"; };
		3A79024A2B8097DE00BF135E /* OrderView.swift */ = {isa = PBXFileReference; lastKnownFileType = sourcecode.swift; path = OrderView.swift; sourceTree = "<group>"; };
		3A79024C2B809DC800BF135E /* Appetizer.swift */ = {isa = PBXFileReference; lastKnownFileType = sourcecode.swift; path = Appetizer.swift; sourceTree = "<group>"; };
		3A79024E2B80A2A400BF135E /* AppetizerListCell.swift */ = {isa = PBXFileReference; lastKnownFileType = sourcecode.swift; path = AppetizerListCell.swift; sourceTree = "<group>"; };
		3A7902502B80A36F00BF135E /* NetworkManager.swift */ = {isa = PBXFileReference; lastKnownFileType = sourcecode.swift; path = NetworkManager.swift; sourceTree = "<group>"; };
		3A7902522B80A45100BF135E /* APError.swift */ = {isa = PBXFileReference; lastKnownFileType = sourcecode.swift; path = APError.swift; sourceTree = "<group>"; };
		3A7902542B80AA0E00BF135E /* AppetizerListViewModel.swift */ = {isa = PBXFileReference; lastKnownFileType = sourcecode.swift; path = AppetizerListViewModel.swift; sourceTree = "<group>"; };
		3A7902562B80AB3100BF135E /* Alert.swift */ = {isa = PBXFileReference; lastKnownFileType = sourcecode.swift; path = Alert.swift; sourceTree = "<group>"; };
		3A7902582B80AF1200BF135E /* LoadingView.swift */ = {isa = PBXFileReference; lastKnownFileType = sourcecode.swift; path = LoadingView.swift; sourceTree = "<group>"; };
		3A79025C2B80BA6D00BF135E /* RemoteImage.swift */ = {isa = PBXFileReference; lastKnownFileType = sourcecode.swift; path = RemoteImage.swift; sourceTree = "<group>"; };
		3A79026B2B80BF7200BF135E /* AppetizerDetailView.swift */ = {isa = PBXFileReference; lastKnownFileType = sourcecode.swift; path = AppetizerDetailView.swift; sourceTree = "<group>"; };
		3A79026E2B80C70A00BF135E /* APButton.swift */ = {isa = PBXFileReference; lastKnownFileType = sourcecode.swift; path = APButton.swift; sourceTree = "<group>"; };
		3A7902702B80C7A400BF135E /* XDismissButton.swift */ = {isa = PBXFileReference; lastKnownFileType = sourcecode.swift; path = XDismissButton.swift; sourceTree = "<group>"; };
		3A7902722B80D29100BF135E /* AccountViewModel.swift */ = {isa = PBXFileReference; lastKnownFileType = sourcecode.swift; path = AccountViewModel.swift; sourceTree = "<group>"; };
		3A7902742B80D3E900BF135E /* String+Ext.swift */ = {isa = PBXFileReference; lastKnownFileType = sourcecode.swift; path = "String+Ext.swift"; sourceTree = "<group>"; };
		3A7902762B80D7A200BF135E /* User.swift */ = {isa = PBXFileReference; lastKnownFileType = sourcecode.swift; path = User.swift; sourceTree = "<group>"; };
		3A7902792B80E07800BF135E /* EmptyState.swift */ = {isa = PBXFileReference; lastKnownFileType = sourcecode.swift; path = EmptyState.swift; sourceTree = "<group>"; };
		3A79027B2B80E32000BF135E /* Order.swift */ = {isa = PBXFileReference; lastKnownFileType = sourcecode.swift; path = Order.swift; sourceTree = "<group>"; };
		3A79027D2B80F05E00BF135E /* CustomModifiers.swift */ = {isa = PBXFileReference; lastKnownFileType = sourcecode.swift; path = CustomModifiers.swift; sourceTree = "<group>"; };
		3A7902812B82F01700BF135E /* Date+Ext.swift */ = {isa = PBXFileReference; lastKnownFileType = sourcecode.swift; path = "Date+Ext.swift"; sourceTree = "<group>"; };
/* End PBXFileReference section */

/* Begin PBXFrameworksBuildPhase section */
		3A7902312B80978B00BF135E /* Frameworks */ = {
			isa = PBXFrameworksBuildPhase;
			buildActionMask = 2147483647;
			files = (
			);
			runOnlyForDeploymentPostprocessing = 0;
		};
/* End PBXFrameworksBuildPhase section */

/* Begin PBXGroup section */
		3A79022B2B80978B00BF135E = {
			isa = PBXGroup;
			children = (
				3A7902362B80978B00BF135E /* Appetizers */,
				3A7902352B80978B00BF135E /* Products */,
			);
			sourceTree = "<group>";
		};
		3A7902352B80978B00BF135E /* Products */ = {
			isa = PBXGroup;
			children = (
				3A7902342B80978B00BF135E /* Appetizers.app */,
			);
			name = Products;
			sourceTree = "<group>";
		};
		3A7902362B80978B00BF135E /* Appetizers */ = {
			isa = PBXGroup;
			children = (
				3A7902372B80978B00BF135E /* AppetizersApp.swift */,
				3A7902672B80BE1400BF135E /* Views */,
				3A7902662B80BDF600BF135E /* Models */,
				3A7902622B80BDB600BF135E /* Utilities */,
				3A79025E2B80BD6200BF135E /* Screens */,
				3A79023B2B80978C00BF135E /* Assets.xcassets */,
				3A79023D2B80978C00BF135E /* Appetizers.entitlements */,
				3A79023E2B80978C00BF135E /* Preview Content */,
			);
			path = Appetizers;
			sourceTree = "<group>";
		};
		3A79023E2B80978C00BF135E /* Preview Content */ = {
			isa = PBXGroup;
			children = (
				3A79023F2B80978C00BF135E /* Preview Assets.xcassets */,
			);
			path = "Preview Content";
			sourceTree = "<group>";
		};
		3A79025E2B80BD6200BF135E /* Screens */ = {
			isa = PBXGroup;
			children = (
				3A7902392B80978B00BF135E /* AppetizerTabView.swift */,
				3A79025F2B80BD6A00BF135E /* AppetizerListView */,
				3A7902612B80BD7E00BF135E /* OrderView */,
				3A7902602B80BD7700BF135E /* AccountView */,
			);
			path = Screens;
			sourceTree = "<group>";
		};
		3A79025F2B80BD6A00BF135E /* AppetizerListView */ = {
			isa = PBXGroup;
			children = (
				3A7902542B80AA0E00BF135E /* AppetizerListViewModel.swift */,
				3A7902462B8097C000BF135E /* AppetizerListView.swift */,
				3A79026B2B80BF7200BF135E /* AppetizerDetailView.swift */,
			);
			path = AppetizerListView;
			sourceTree = "<group>";
		};
		3A7902602B80BD7700BF135E /* AccountView */ = {
			isa = PBXGroup;
			children = (
				3A7902722B80D29100BF135E /* AccountViewModel.swift */,
				3A7902482B8097D200BF135E /* AccountView.swift */,
			);
			path = AccountView;
			sourceTree = "<group>";
		};
		3A7902612B80BD7E00BF135E /* OrderView */ = {
			isa = PBXGroup;
			children = (
				3A79024A2B8097DE00BF135E /* OrderView.swift */,
			);
			path = OrderView;
			sourceTree = "<group>";
		};
		3A7902622B80BDB600BF135E /* Utilities */ = {
			isa = PBXGroup;
			children = (
				3A7902642B80BDD400BF135E /* Alerts */,
				3A7902652B80BDE500BF135E /* Managers */,
				3A7902632B80BDBF00BF135E /* Extensions */,
			);
			path = Utilities;
			sourceTree = "<group>";
		};
		3A7902632B80BDBF00BF135E /* Extensions */ = {
			isa = PBXGroup;
			children = (
				3A7902742B80D3E900BF135E /* String+Ext.swift */,
				3A7902812B82F01700BF135E /* Date+Ext.swift */,
			);
			path = Extensions;
			sourceTree = "<group>";
		};
		3A7902642B80BDD400BF135E /* Alerts */ = {
			isa = PBXGroup;
			children = (
				3A7902522B80A45100BF135E /* APError.swift */,
				3A7902562B80AB3100BF135E /* Alert.swift */,
			);
			path = Alerts;
			sourceTree = "<group>";
		};
		3A7902652B80BDE500BF135E /* Managers */ = {
			isa = PBXGroup;
			children = (
				3A7902502B80A36F00BF135E /* NetworkManager.swift */,
			);
			path = Managers;
			sourceTree = "<group>";
		};
		3A7902662B80BDF600BF135E /* Models */ = {
			isa = PBXGroup;
			children = (
				3A79024C2B809DC800BF135E /* Appetizer.swift */,
				3A7902762B80D7A200BF135E /* User.swift */,
				3A79027B2B80E32000BF135E /* Order.swift */,
			);
			path = Models;
			sourceTree = "<group>";
		};
		3A7902672B80BE1400BF135E /* Views */ = {
			isa = PBXGroup;
			children = (
				3A7902782B80E06400BF135E /* Empty States */,
				3A79026D2B80C6FD00BF135E /* Buttons */,
				3A79026A2B80BE3200BF135E /* Cells */,
				3A7902692B80BE2A00BF135E /* Image */,
				3A7902682B80BE1E00BF135E /* UIKit Components */,
				3A79027D2B80F05E00BF135E /* CustomModifiers.swift */,
			);
			path = Views;
			sourceTree = "<group>";
		};
		3A7902682B80BE1E00BF135E /* UIKit Components */ = {
			isa = PBXGroup;
			children = (
				3A7902582B80AF1200BF135E /* LoadingView.swift */,
			);
			path = "UIKit Components";
			sourceTree = "<group>";
		};
		3A7902692B80BE2A00BF135E /* Image */ = {
			isa = PBXGroup;
			children = (
				3A79025C2B80BA6D00BF135E /* RemoteImage.swift */,
			);
			path = Image;
			sourceTree = "<group>";
		};
		3A79026A2B80BE3200BF135E /* Cells */ = {
			isa = PBXGroup;
			children = (
				3A79024E2B80A2A400BF135E /* AppetizerListCell.swift */,
			);
			path = Cells;
			sourceTree = "<group>";
		};
		3A79026D2B80C6FD00BF135E /* Buttons */ = {
			isa = PBXGroup;
			children = (
				3A79026E2B80C70A00BF135E /* APButton.swift */,
				3A7902702B80C7A400BF135E /* XDismissButton.swift */,
			);
			path = Buttons;
			sourceTree = "<group>";
		};
		3A7902782B80E06400BF135E /* Empty States */ = {
			isa = PBXGroup;
			children = (
				3A7902792B80E07800BF135E /* EmptyState.swift */,
			);
			name = "Empty States";
			sourceTree = "<group>";
		};
/* End PBXGroup section */

/* Begin PBXNativeTarget section */
		3A7902332B80978B00BF135E /* Appetizers */ = {
			isa = PBXNativeTarget;
			buildConfigurationList = 3A7902432B80978C00BF135E /* Build configuration list for PBXNativeTarget "Appetizers" */;
			buildPhases = (
				3A7902302B80978B00BF135E /* Sources */,
				3A7902312B80978B00BF135E /* Frameworks */,
				3A7902322B80978B00BF135E /* Resources */,
			);
			buildRules = (
			);
			dependencies = (
			);
			name = Appetizers;
			productName = Appetizers;
			productReference = 3A7902342B80978B00BF135E /* Appetizers.app */;
			productType = "com.apple.product-type.application";
		};
/* End PBXNativeTarget section */

/* Begin PBXProject section */
		3A79022C2B80978B00BF135E /* Project object */ = {
			isa = PBXProject;
			attributes = {
				BuildIndependentTargetsInParallel = 1;
				LastSwiftUpdateCheck = 1520;
				LastUpgradeCheck = 1520;
				TargetAttributes = {
					3A7902332B80978B00BF135E = {
						CreatedOnToolsVersion = 15.2;
					};
				};
			};
			buildConfigurationList = 3A79022F2B80978B00BF135E /* Build configuration list for PBXProject "Appetizers" */;
			compatibilityVersion = "Xcode 14.0";
			developmentRegion = en;
			hasScannedForEncodings = 0;
			knownRegions = (
				en,
				Base,
			);
			mainGroup = 3A79022B2B80978B00BF135E;
			productRefGroup = 3A7902352B80978B00BF135E /* Products */;
			projectDirPath = "";
			projectRoot = "";
			targets = (
				3A7902332B80978B00BF135E /* Appetizers */,
			);
		};
/* End PBXProject section */

/* Begin PBXResourcesBuildPhase section */
		3A7902322B80978B00BF135E /* Resources */ = {
			isa = PBXResourcesBuildPhase;
			buildActionMask = 2147483647;
			files = (
				3A7902402B80978C00BF135E /* Preview Assets.xcassets in Resources */,
				3A79023C2B80978C00BF135E /* Assets.xcassets in Resources */,
			);
			runOnlyForDeploymentPostprocessing = 0;
		};
/* End PBXResourcesBuildPhase section */

/* Begin PBXSourcesBuildPhase section */
		3A7902302B80978B00BF135E /* Sources */ = {
			isa = PBXSourcesBuildPhase;
			buildActionMask = 2147483647;
			files = (
				3A79024D2B809DC800BF135E /* Appetizer.swift in Sources */,
				3A7902532B80A45100BF135E /* APError.swift in Sources */,
				3A7902712B80C7A400BF135E /* XDismissButton.swift in Sources */,
				3A79024F2B80A2A400BF135E /* AppetizerListCell.swift in Sources */,
				3A7902822B82F01700BF135E /* Date+Ext.swift in Sources */,
				3A79027C2B80E32000BF135E /* Order.swift in Sources */,
				3A7902732B80D29100BF135E /* AccountViewModel.swift in Sources */,
				3A7902552B80AA0E00BF135E /* AppetizerListViewModel.swift in Sources */,
				3A7902492B8097D200BF135E /* AccountView.swift in Sources */,
				3A7902772B80D7A200BF135E /* User.swift in Sources */,
				3A79027E2B80F05E00BF135E /* CustomModifiers.swift in Sources */,
				3A79026F2B80C70A00BF135E /* APButton.swift in Sources */,
				3A7902592B80AF1200BF135E /* LoadingView.swift in Sources */,
				3A79023A2B80978B00BF135E /* AppetizerTabView.swift in Sources */,
				3A7902512B80A36F00BF135E /* NetworkManager.swift in Sources */,
				3A79025D2B80BA6D00BF135E /* RemoteImage.swift in Sources */,
				3A7902752B80D3E900BF135E /* String+Ext.swift in Sources */,
				3A79027A2B80E07800BF135E /* EmptyState.swift in Sources */,
				3A79026C2B80BF7200BF135E /* AppetizerDetailView.swift in Sources */,
				3A7902382B80978B00BF135E /* AppetizersApp.swift in Sources */,
				3A7902572B80AB3100BF135E /* Alert.swift in Sources */,
				3A7902472B8097C000BF135E /* AppetizerListView.swift in Sources */,
				3A79024B2B8097DE00BF135E /* OrderView.swift in Sources */,
			);
			runOnlyForDeploymentPostprocessing = 0;
		};
/* End PBXSourcesBuildPhase section */

/* Begin XCBuildConfiguration section */
		3A7902412B80978C00BF135E /* Debug */ = {
			isa = XCBuildConfiguration;
			buildSettings = {
				ALWAYS_SEARCH_USER_PATHS = NO;
				ASSETCATALOG_COMPILER_GENERATE_SWIFT_ASSET_SYMBOL_EXTENSIONS = YES;
				CLANG_ANALYZER_NONNULL = YES;
				CLANG_ANALYZER_NUMBER_OBJECT_CONVERSION = YES_AGGRESSIVE;
				CLANG_CXX_LANGUAGE_STANDARD = "gnu++20";
				CLANG_ENABLE_MODULES = YES;
				CLANG_ENABLE_OBJC_ARC = YES;
				CLANG_ENABLE_OBJC_WEAK = YES;
				CLANG_WARN_BLOCK_CAPTURE_AUTORELEASING = YES;
				CLANG_WARN_BOOL_CONVERSION = YES;
				CLANG_WARN_COMMA = YES;
				CLANG_WARN_CONSTANT_CONVERSION = YES;
				CLANG_WARN_DEPRECATED_OBJC_IMPLEMENTATIONS = YES;
				CLANG_WARN_DIRECT_OBJC_ISA_USAGE = YES_ERROR;
				CLANG_WARN_DOCUMENTATION_COMMENTS = YES;
				CLANG_WARN_EMPTY_BODY = YES;
				CLANG_WARN_ENUM_CONVERSION = YES;
				CLANG_WARN_INFINITE_RECURSION = YES;
				CLANG_WARN_INT_CONVERSION = YES;
				CLANG_WARN_NON_LITERAL_NULL_CONVERSION = YES;
				CLANG_WARN_OBJC_IMPLICIT_RETAIN_SELF = YES;
				CLANG_WARN_OBJC_LITERAL_CONVERSION = YES;
				CLANG_WARN_OBJC_ROOT_CLASS = YES_ERROR;
				CLANG_WARN_QUOTED_INCLUDE_IN_FRAMEWORK_HEADER = YES;
				CLANG_WARN_RANGE_LOOP_ANALYSIS = YES;
				CLANG_WARN_STRICT_PROTOTYPES = YES;
				CLANG_WARN_SUSPICIOUS_MOVE = YES;
				CLANG_WARN_UNGUARDED_AVAILABILITY = YES_AGGRESSIVE;
				CLANG_WARN_UNREACHABLE_CODE = YES;
				CLANG_WARN__DUPLICATE_METHOD_MATCH = YES;
				COPY_PHASE_STRIP = NO;
				DEBUG_INFORMATION_FORMAT = dwarf;
				ENABLE_STRICT_OBJC_MSGSEND = YES;
				ENABLE_TESTABILITY = YES;
				ENABLE_USER_SCRIPT_SANDBOXING = YES;
				GCC_C_LANGUAGE_STANDARD = gnu17;
				GCC_DYNAMIC_NO_PIC = NO;
				GCC_NO_COMMON_BLOCKS = YES;
				GCC_OPTIMIZATION_LEVEL = 0;
				GCC_PREPROCESSOR_DEFINITIONS = (
					"DEBUG=1",
					"$(inherited)",
				);
				GCC_WARN_64_TO_32_BIT_CONVERSION = YES;
				GCC_WARN_ABOUT_RETURN_TYPE = YES_ERROR;
				GCC_WARN_UNDECLARED_SELECTOR = YES;
				GCC_WARN_UNINITIALIZED_AUTOS = YES_AGGRESSIVE;
				GCC_WARN_UNUSED_FUNCTION = YES;
				GCC_WARN_UNUSED_VARIABLE = YES;
				LOCALIZATION_PREFERS_STRING_CATALOGS = YES;
				MTL_ENABLE_DEBUG_INFO = INCLUDE_SOURCE;
				MTL_FAST_MATH = YES;
				ONLY_ACTIVE_ARCH = YES;
				SWIFT_ACTIVE_COMPILATION_CONDITIONS = "DEBUG $(inherited)";
				SWIFT_OPTIMIZATION_LEVEL = "-Onone";
			};
			name = Debug;
		};
		3A7902422B80978C00BF135E /* Release */ = {
			isa = XCBuildConfiguration;
			buildSettings = {
				ALWAYS_SEARCH_USER_PATHS = NO;
				ASSETCATALOG_COMPILER_GENERATE_SWIFT_ASSET_SYMBOL_EXTENSIONS = YES;
				CLANG_ANALYZER_NONNULL = YES;
				CLANG_ANALYZER_NUMBER_OBJECT_CONVERSION = YES_AGGRESSIVE;
				CLANG_CXX_LANGUAGE_STANDARD = "gnu++20";
				CLANG_ENABLE_MODULES = YES;
				CLANG_ENABLE_OBJC_ARC = YES;
				CLANG_ENABLE_OBJC_WEAK = YES;
				CLANG_WARN_BLOCK_CAPTURE_AUTORELEASING = YES;
				CLANG_WARN_BOOL_CONVERSION = YES;
				CLANG_WARN_COMMA = YES;
				CLANG_WARN_CONSTANT_CONVERSION = YES;
				CLANG_WARN_DEPRECATED_OBJC_IMPLEMENTATIONS = YES;
				CLANG_WARN_DIRECT_OBJC_ISA_USAGE = YES_ERROR;
				CLANG_WARN_DOCUMENTATION_COMMENTS = YES;
				CLANG_WARN_EMPTY_BODY = YES;
				CLANG_WARN_ENUM_CONVERSION = YES;
				CLANG_WARN_INFINITE_RECURSION = YES;
				CLANG_WARN_INT_CONVERSION = YES;
				CLANG_WARN_NON_LITERAL_NULL_CONVERSION = YES;
				CLANG_WARN_OBJC_IMPLICIT_RETAIN_SELF = YES;
				CLANG_WARN_OBJC_LITERAL_CONVERSION = YES;
				CLANG_WARN_OBJC_ROOT_CLASS = YES_ERROR;
				CLANG_WARN_QUOTED_INCLUDE_IN_FRAMEWORK_HEADER = YES;
				CLANG_WARN_RANGE_LOOP_ANALYSIS = YES;
				CLANG_WARN_STRICT_PROTOTYPES = YES;
				CLANG_WARN_SUSPICIOUS_MOVE = YES;
				CLANG_WARN_UNGUARDED_AVAILABILITY = YES_AGGRESSIVE;
				CLANG_WARN_UNREACHABLE_CODE = YES;
				CLANG_WARN__DUPLICATE_METHOD_MATCH = YES;
				COPY_PHASE_STRIP = NO;
				DEBUG_INFORMATION_FORMAT = "dwarf-with-dsym";
				ENABLE_NS_ASSERTIONS = NO;
				ENABLE_STRICT_OBJC_MSGSEND = YES;
				ENABLE_USER_SCRIPT_SANDBOXING = YES;
				GCC_C_LANGUAGE_STANDARD = gnu17;
				GCC_NO_COMMON_BLOCKS = YES;
				GCC_WARN_64_TO_32_BIT_CONVERSION = YES;
				GCC_WARN_ABOUT_RETURN_TYPE = YES_ERROR;
				GCC_WARN_UNDECLARED_SELECTOR = YES;
				GCC_WARN_UNINITIALIZED_AUTOS = YES_AGGRESSIVE;
				GCC_WARN_UNUSED_FUNCTION = YES;
				GCC_WARN_UNUSED_VARIABLE = YES;
				LOCALIZATION_PREFERS_STRING_CATALOGS = YES;
				MTL_ENABLE_DEBUG_INFO = NO;
				MTL_FAST_MATH = YES;
				SWIFT_COMPILATION_MODE = wholemodule;
			};
			name = Release;
		};
		3A7902442B80978C00BF135E /* Debug */ = {
			isa = XCBuildConfiguration;
			buildSettings = {
				ASSETCATALOG_COMPILER_APPICON_NAME = AppIcon;
				ASSETCATALOG_COMPILER_GLOBAL_ACCENT_COLOR_NAME = AccentColor;
				CODE_SIGN_ENTITLEMENTS = Appetizers/Appetizers.entitlements;
				CODE_SIGN_STYLE = Automatic;
				CURRENT_PROJECT_VERSION = 1;
				DEVELOPMENT_ASSET_PATHS = "\"Appetizers/Preview Content\"";
				DEVELOPMENT_TEAM = D3AGUG8XDN;
				ENABLE_HARDENED_RUNTIME = YES;
				ENABLE_PREVIEWS = YES;
				GENERATE_INFOPLIST_FILE = YES;
				"INFOPLIST_KEY_UIApplicationSceneManifest_Generation[sdk=iphoneos*]" = YES;
				"INFOPLIST_KEY_UIApplicationSceneManifest_Generation[sdk=iphonesimulator*]" = YES;
				"INFOPLIST_KEY_UIApplicationSupportsIndirectInputEvents[sdk=iphoneos*]" = YES;
				"INFOPLIST_KEY_UIApplicationSupportsIndirectInputEvents[sdk=iphonesimulator*]" = YES;
				"INFOPLIST_KEY_UILaunchScreen_Generation[sdk=iphoneos*]" = YES;
				"INFOPLIST_KEY_UILaunchScreen_Generation[sdk=iphonesimulator*]" = YES;
				"INFOPLIST_KEY_UIStatusBarStyle[sdk=iphoneos*]" = UIStatusBarStyleDefault;
				"INFOPLIST_KEY_UIStatusBarStyle[sdk=iphonesimulator*]" = UIStatusBarStyleDefault;
				INFOPLIST_KEY_UISupportedInterfaceOrientations_iPad = "UIInterfaceOrientationPortrait UIInterfaceOrientationPortraitUpsideDown UIInterfaceOrientationLandscapeLeft UIInterfaceOrientationLandscapeRight";
				INFOPLIST_KEY_UISupportedInterfaceOrientations_iPhone = "UIInterfaceOrientationPortrait UIInterfaceOrientationLandscapeLeft UIInterfaceOrientationLandscapeRight";
				IPHONEOS_DEPLOYMENT_TARGET = 17.2;
				LD_RUNPATH_SEARCH_PATHS = "@executable_path/Frameworks";
				"LD_RUNPATH_SEARCH_PATHS[sdk=macosx*]" = "@executable_path/../Frameworks";
				MACOSX_DEPLOYMENT_TARGET = 14.2;
				MARKETING_VERSION = 1.0;
				PRODUCT_BUNDLE_IDENTIFIER = visiondeveloper.Appetizers;
				PRODUCT_NAME = "$(TARGET_NAME)";
				SDKROOT = auto;
				SUPPORTED_PLATFORMS = "iphoneos iphonesimulator macosx";
				SWIFT_EMIT_LOC_STRINGS = YES;
				SWIFT_VERSION = 5.0;
				TARGETED_DEVICE_FAMILY = "1,2";
			};
			name = Debug;
		};
		3A7902452B80978C00BF135E /* Release */ = {
			isa = XCBuildConfiguration;
			buildSettings = {
				ASSETCATALOG_COMPILER_APPICON_NAME = AppIcon;
				ASSETCATALOG_COMPILER_GLOBAL_ACCENT_COLOR_NAME = AccentColor;
				CODE_SIGN_ENTITLEMENTS = Appetizers/Appetizers.entitlements;
				CODE_SIGN_STYLE = Automatic;
				CURRENT_PROJECT_VERSION = 1;
				DEVELOPMENT_ASSET_PATHS = "\"Appetizers/Preview Content\"";
				DEVELOPMENT_TEAM = D3AGUG8XDN;
				ENABLE_HARDENED_RUNTIME = YES;
				ENABLE_PREVIEWS = YES;
				GENERATE_INFOPLIST_FILE = YES;
				"INFOPLIST_KEY_UIApplicationSceneManifest_Generation[sdk=iphoneos*]" = YES;
				"INFOPLIST_KEY_UIApplicationSceneManifest_Generation[sdk=iphonesimulator*]" = YES;
				"INFOPLIST_KEY_UIApplicationSupportsIndirectInputEvents[sdk=iphoneos*]" = YES;
				"INFOPLIST_KEY_UIApplicationSupportsIndirectInputEvents[sdk=iphonesimulator*]" = YES;
				"INFOPLIST_KEY_UILaunchScreen_Generation[sdk=iphoneos*]" = YES;
				"INFOPLIST_KEY_UILaunchScreen_Generation[sdk=iphonesimulator*]" = YES;
				"INFOPLIST_KEY_UIStatusBarStyle[sdk=iphoneos*]" = UIStatusBarStyleDefault;
				"INFOPLIST_KEY_UIStatusBarStyle[sdk=iphonesimulator*]" = UIStatusBarStyleDefault;
				INFOPLIST_KEY_UISupportedInterfaceOrientations_iPad = "UIInterfaceOrientationPortrait UIInterfaceOrientationPortraitUpsideDown UIInterfaceOrientationLandscapeLeft UIInterfaceOrientationLandscapeRight";
				INFOPLIST_KEY_UISupportedInterfaceOrientations_iPhone = "UIInterfaceOrientationPortrait UIInterfaceOrientationLandscapeLeft UIInterfaceOrientationLandscapeRight";
				IPHONEOS_DEPLOYMENT_TARGET = 17.2;
				LD_RUNPATH_SEARCH_PATHS = "@executable_path/Frameworks";
				"LD_RUNPATH_SEARCH_PATHS[sdk=macosx*]" = "@executable_path/../Frameworks";
				MACOSX_DEPLOYMENT_TARGET = 14.2;
				MARKETING_VERSION = 1.0;
				PRODUCT_BUNDLE_IDENTIFIER = visiondeveloper.Appetizers;
				PRODUCT_NAME = "$(TARGET_NAME)";
				SDKROOT = auto;
				SUPPORTED_PLATFORMS = "iphoneos iphonesimulator macosx";
				SWIFT_EMIT_LOC_STRINGS = YES;
				SWIFT_VERSION = 5.0;
				TARGETED_DEVICE_FAMILY = "1,2";
			};
			name = Release;
		};
/* End XCBuildConfiguration section */

/* Begin XCConfigurationList section */
		3A79022F2B80978B00BF135E /* Build configuration list for PBXProject "Appetizers" */ = {
			isa = XCConfigurationList;
			buildConfigurations = (
				3A7902412B80978C00BF135E /* Debug */,
				3A7902422B80978C00BF135E /* Release */,
			);
			defaultConfigurationIsVisible = 0;
			defaultConfigurationName = Release;
		};
		3A7902432B80978C00BF135E /* Build configuration list for PBXNativeTarget "Appetizers" */ = {
			isa = XCConfigurationList;
			buildConfigurations = (
				3A7902442B80978C00BF135E /* Debug */,
				3A7902452B80978C00BF135E /* Release */,
			);
			defaultConfigurationIsVisible = 0;
			defaultConfigurationName = Release;
		};
/* End XCConfigurationList section */
	};
	rootObject = 3A79022C2B80978B00BF135E /* Project object */;
}
